{
  "name": "absent",
  "version": "1.0.0",
  "lockfileVersion": 3,
  "requires": true,
  "packages": {
    "": {
      "name": "absent",
      "version": "1.0.0",
      "dependencies": {
        "@mercuryworkshop/bare-mux": "^2.1.7",
        "@mercuryworkshop/epoxy-transport": "^2.1.7"
      }
    },
    "node_modules/@mercuryworkshop/bare-mux": {
      "version": "2.1.9",
      "resolved": "https://registry.npmjs.org/@mercuryworkshop/bare-mux/-/bare-mux-2.1.9.tgz",
      "integrity": "sha512-fiOqWm3VP0Bl8T+0l+qnb7ab9zO+PpKVbtJvOnMsefUv6kWIaoDtqyr9hd/t4gA8oBwgtyZVqIwO2J9nKY9ylw=="
    },
    "node_modules/@mercuryworkshop/epoxy-tls": {
      "version": "2.1.18-1",
      "resolved": "https://registry.npmjs.org/@mercuryworkshop/epoxy-tls/-/epoxy-tls-2.1.18-1.tgz",
      "integrity": "sha512-2N1BYn/+FJxIbRw+sipbl3mQPinRflqQDB9HGAXJEVj4Ok4FIlTlS4fO2cpXKEq5yoD3oaKb8GyNaQfndNui9w==",
      "license": "AGPL-3.0-only"
    },
    "node_modules/@mercuryworkshop/epoxy-transport": {
      "version": "2.1.28",
      "resolved": "https://registry.npmjs.org/@mercuryworkshop/epoxy-transport/-/epoxy-transport-2.1.28.tgz",
      "integrity": "sha512-lv/Kfdn37y8ZCXQaIT3Ebj4OSztBqeXdbR9rchbHQBKIw/fNSQJLGNBHV5ScXSzqt7NCwv8ZiZx7urRyk7Ua/Q==",
      "license": "AGPL-3.0-only",
      "dependencies": {
        "@mercuryworkshop/epoxy-tls": "2.1.18-1"
      }
    }
  }
}
